
Microsoft Visual Studio Solution File, Format Version 11.00
# Visual Studio 2010
Project("{8BC9CEB8-8B4A-11D0-8D11-00A0C91BC942}") = "OSHGui DLL", "OSHGui_DLL.vcxproj", "{EC7FA57D-4845-4A80-BDE6-AA2E0EF55237}"
EndProject
Project("{8BC9CEB8-8B4A-11D0-8D11-00A0C91BC942}") = "OSHGui Static Library", "OSHGui_StaticLibrary.vcxproj", "{C785DEB6-F814-406B-AE44-3A2395267912}"
EndProject
Global
	GlobalSection(SolutionConfigurationPlatforms) = preSolution
		Debug|Win32 = Debug|Win32
		Release|Win32 = Release|Win32
	EndGlobalSection
	GlobalSection(ProjectConfigurationPlatforms) = postSolution
		{EC7FA57D-4845-4A80-BDE6-AA2E0EF55237}.Debug|Win32.ActiveCfg = Debug|Win32
		{EC7FA57D-4845-4A80-BDE6-AA2E0EF55237}.Debug|Win32.Build.0 = Debug|Win32
		{EC7FA57D-4845-4A80-BDE6-AA2E0EF55237}.Release|Win32.ActiveCfg = Release|Win32
		{EC7FA57D-4845-4A80-BDE6-AA2E0EF55237}.Release|Win32.Build.0 = Release|Win32
		{C785DEB6-F814-406B-AE44-3A2395267912}.Debug|Win32.ActiveCfg = Debug|Win32
		{C785DEB6-F814-406B-AE44-3A2395267912}.Debug|Win32.Build.0 = Debug|Win32
		{C785DEB6-F814-406B-AE44-3A2395267912}.Release|Win32.ActiveCfg = Release|Win32
		{C785DEB6-F814-406B-AE44-3A2395267912}.Release|Win32.Build.0 = Release|Win32
	EndGlobalSection
	GlobalSection(SolutionProperties) = preSolution
		HideSolutionNode = FALSE
	EndGlobalSection
EndGlobal
